// !$*UTF8*$!
{
	archiveVersion = 1;
	classes = {
	};
	objectVersion = 46;
	objects = {

/* Begin PBXBuildFile section */
		3BD29E601A11B73D00F44EA2 /* AppDelegate.swift in Sources */ = {isa = PBXBuildFile; fileRef = 3BD29E5F1A11B73D00F44EA2 /* AppDelegate.swift */; };
		3BD29E621A11B73D00F44EA2 /* ViewController.swift in Sources */ = {isa = PBXBuildFile; fileRef = 3BD29E611A11B73D00F44EA2 /* ViewController.swift */; };
		3BD29E651A11B73D00F44EA2 /* Main.storyboard in Resources */ = {isa = PBXBuildFile; fileRef = 3BD29E631A11B73D00F44EA2 /* Main.storyboard */; };
		3BD29E671A11B73D00F44EA2 /* Images.xcassets in Resources */ = {isa = PBXBuildFile; fileRef = 3BD29E661A11B73D00F44EA2 /* Images.xcassets */; };
		3BD29E6A1A11B73D00F44EA2 /* LaunchScreen.xib in Resources */ = {isa = PBXBuildFile; fileRef = 3BD29E681A11B73D00F44EA2 /* LaunchScreen.xib */; };
		3BD29E761A11B73D00F44EA2 /* Wk4_FacebookTests.swift in Sources */ = {isa = PBXBuildFile; fileRef = 3BD29E751A11B73D00F44EA2 /* Wk4_FacebookTests.swift */; };
		3BD29E801A11C3A600F44EA2 /* FeedViewController.swift in Sources */ = {isa = PBXBuildFile; fileRef = 3BD29E7F1A11C3A600F44EA2 /* FeedViewController.swift */; };
		3BD29E821A11C49900F44EA2 /* RequestsViewController.swift in Sources */ = {isa = PBXBuildFile; fileRef = 3BD29E811A11C49900F44EA2 /* RequestsViewController.swift */; };
		3BD29E841A11C4C100F44EA2 /* MessagesViewController.swift in Sources */ = {isa = PBXBuildFile; fileRef = 3BD29E831A11C4C100F44EA2 /* MessagesViewController.swift */; };
		3BD29E861A11C51100F44EA2 /* NotificationsViewController.swift in Sources */ = {isa = PBXBuildFile; fileRef = 3BD29E851A11C51100F44EA2 /* NotificationsViewController.swift */; };
		3BD29E881A11C53500F44EA2 /* MoreViewController.swift in Sources */ = {isa = PBXBuildFile; fileRef = 3BD29E871A11C53500F44EA2 /* MoreViewController.swift */; };
		3BD29E8A1A11CDAE00F44EA2 /* PhotoViewController.swift in Sources */ = {isa = PBXBuildFile; fileRef = 3BD29E891A11CDAE00F44EA2 /* PhotoViewController.swift */; };
/* End PBXBuildFile section */

/* Begin PBXContainerItemProxy section */
		3BD29E701A11B73D00F44EA2 /* PBXContainerItemProxy */ = {
			isa = PBXContainerItemProxy;
			containerPortal = 3BD29E521A11B73D00F44EA2 /* Project object */;
			proxyType = 1;
			remoteGlobalIDString = 3BD29E591A11B73D00F44EA2;
			remoteInfo = Wk4_Facebook;
		};
/* End PBXContainerItemProxy section */

/* Begin PBXFileReference section */
		3BD29E5A1A11B73D00F44EA2 /* Wk4_Facebook.app */ = {isa = PBXFileReference; explicitFileType = wrapper.application; includeInIndex = 0; path = Wk4_Facebook.app; sourceTree = BUILT_PRODUCTS_DIR; };
		3BD29E5E1A11B73D00F44EA2 /* Info.plist */ = {isa = PBXFileReference; lastKnownFileType = text.plist.xml; path = Info.plist; sourceTree = "<group>"; };
		3BD29E5F1A11B73D00F44EA2 /* AppDelegate.swift */ = {isa = PBXFileReference; lastKnownFileType = sourcecode.swift; path = AppDelegate.swift; sourceTree = "<group>"; };
		3BD29E611A11B73D00F44EA2 /* ViewController.swift */ = {isa = PBXFileReference; lastKnownFileType = sourcecode.swift; path = ViewController.swift; sourceTree = "<group>"; };
		3BD29E641A11B73D00F44EA2 /* Base */ = {isa = PBXFileReference; lastKnownFileType = file.storyboard; name = Base; path = Base.lproj/Main.storyboard; sourceTree = "<group>"; };
		3BD29E661A11B73D00F44EA2 /* Images.xcassets */ = {isa = PBXFileReference; lastKnownFileType = folder.assetcatalog; path = Images.xcassets; sourceTree = "<group>"; };
		3BD29E691A11B73D00F44EA2 /* Base */ = {isa = PBXFileReference; lastKnownFileType = file.xib; name = Base; path = Base.lproj/LaunchScreen.xib; sourceTree = "<group>"; };
		3BD29E6F1A11B73D00F44EA2 /* Wk4_FacebookTests.xctest */ = {isa = PBXFileReference; explicitFileType = wrapper.cfbundle; includeInIndex = 0; path = Wk4_FacebookTests.xctest; sourceTree = BUILT_PRODUCTS_DIR; };
		3BD29E741A11B73D00F44EA2 /* Info.plist */ = {isa = PBXFileReference; lastKnownFileType = text.plist.xml; path = Info.plist; sourceTree = "<group>"; };
		3BD29E751A11B73D00F44EA2 /* Wk4_FacebookTests.swift */ = {isa = PBXFileReference; lastKnownFileType = sourcecode.swift; path = Wk4_FacebookTests.swift; sourceTree = "<group>"; };
		3BD29E7F1A11C3A600F44EA2 /* FeedViewController.swift */ = {isa = PBXFileReference; fileEncoding = 4; lastKnownFileType = sourcecode.swift; path = FeedViewController.swift; sourceTree = "<group>"; };
		3BD29E811A11C49900F44EA2 /* RequestsViewController.swift */ = {isa = PBXFileReference; fileEncoding = 4; lastKnownFileType = sourcecode.swift; path = RequestsViewController.swift; sourceTree = "<group>"; };
		3BD29E831A11C4C100F44EA2 /* MessagesViewController.swift */ = {isa = PBXFileReference; fileEncoding = 4; lastKnownFileType = sourcecode.swift; path = MessagesViewController.swift; sourceTree = "<group>"; };
		3BD29E851A11C51100F44EA2 /* NotificationsViewController.swift */ = {isa = PBXFileReference; fileEncoding = 4; lastKnownFileType = sourcecode.swift; path = NotificationsViewController.swift; sourceTree = "<group>"; };
		3BD29E871A11C53500F44EA2 /* MoreViewController.swift */ = {isa = PBXFileReference; fileEncoding = 4; lastKnownFileType = sourcecode.swift; path = MoreViewController.swift; sourceTree = "<group>"; };
		3BD29E891A11CDAE00F44EA2 /* PhotoViewController.swift */ = {isa = PBXFileReference; fileEncoding = 4; lastKnownFileType = sourcecode.swift; path = PhotoViewController.swift; sourceTree = "<group>"; };
/* End PBXFileReference section */

/* Begin PBXFrameworksBuildPhase section */
		3BD29E571A11B73D00F44EA2 /* Frameworks */ = {
			isa = PBXFrameworksBuildPhase;
			buildActionMask = 2147483647;
			files = (
			);
			runOnlyForDeploymentPostprocessing = 0;
		};
		3BD29E6C1A11B73D00F44EA2 /* Frameworks */ = {
			isa = PBXFrameworksBuildPhase;
			buildActionMask = 2147483647;
			files = (
			);
			runOnlyForDeploymentPostprocessing = 0;
		};
/* End PBXFrameworksBuildPhase section */

/* Begin PBXGroup section */
		3BD29E511A11B73D00F44EA2 = {
			isa = PBXGroup;
			children = (
				3BD29E5C1A11B73D00F44EA2 /* Wk4_Facebook */,
				3BD29E721A11B73D00F44EA2 /* Wk4_FacebookTests */,
				3BD29E5B1A11B73D00F44EA2 /* Products */,
			);
			sourceTree = "<group>";
		};
		3BD29E5B1A11B73D00F44EA2 /* Products */ = {
			isa = PBXGroup;
			children = (
				3BD29E5A1A11B73D00F44EA2 /* Wk4_Facebook.app */,
				3BD29E6F1A11B73D00F44EA2 /* Wk4_FacebookTests.xctest */,
			);
			name = Products;
			sourceTree = "<group>";
		};
		3BD29E5C1A11B73D00F44EA2 /* Wk4_Facebook */ = {
			isa = PBXGroup;
			children = (
				3BD29E5F1A11B73D00F44EA2 /* AppDelegate.swift */,
				3BD29E611A11B73D00F44EA2 /* ViewController.swift */,
				3BD29E631A11B73D00F44EA2 /* Main.storyboard */,
				3BD29E891A11CDAE00F44EA2 /* PhotoViewController.swift */,
				3BD29E871A11C53500F44EA2 /* MoreViewController.swift */,
				3BD29E851A11C51100F44EA2 /* NotificationsViewController.swift */,
				3BD29E831A11C4C100F44EA2 /* MessagesViewController.swift */,
				3BD29E811A11C49900F44EA2 /* RequestsViewController.swift */,
				3BD29E7F1A11C3A600F44EA2 /* FeedViewController.swift */,
				3BD29E661A11B73D00F44EA2 /* Images.xcassets */,
				3BD29E681A11B73D00F44EA2 /* LaunchScreen.xib */,
				3BD29E5D1A11B73D00F44EA2 /* Supporting Files */,
			);
			path = Wk4_Facebook;
			sourceTree = "<group>";
		};
		3BD29E5D1A11B73D00F44EA2 /* Supporting Files */ = {
			isa = PBXGroup;
			children = (
				3BD29E5E1A11B73D00F44EA2 /* Info.plist */,
			);
			name = "Supporting Files";
			sourceTree = "<group>";
		};
		3BD29E721A11B73D00F44EA2 /* Wk4_FacebookTests */ = {
			isa = PBXGroup;
			children = (
				3BD29E751A11B73D00F44EA2 /* Wk4_FacebookTests.swift */,
				3BD29E731A11B73D00F44EA2 /* Supporting Files */,
			);
			path = Wk4_FacebookTests;
			sourceTree = "<group>";
		};
		3BD29E731A11B73D00F44EA2 /* Supporting Files */ = {
			isa = PBXGroup;
			children = (
				3BD29E741A11B73D00F44EA2 /* Info.plist */,
			);
			name = "Supporting Files";
			sourceTree = "<group>";
		};
/* End PBXGroup section */

/* Begin PBXNativeTarget section */
		3BD29E591A11B73D00F44EA2 /* Wk4_Facebook */ = {
			isa = PBXNativeTarget;
			buildConfigurationList = 3BD29E791A11B73D00F44EA2 /* Build configuration list for PBXNativeTarget "Wk4_Facebook" */;
			buildPhases = (
				3BD29E561A11B73D00F44EA2 /* Sources */,
				3BD29E571A11B73D00F44EA2 /* Frameworks */,
				3BD29E581A11B73D00F44EA2 /* Resources */,
			);
			buildRules = (
			);
			dependencies = (
			);
			name = Wk4_Facebook;
			productName = Wk4_Facebook;
			productReference = 3BD29E5A1A11B73D00F44EA2 /* Wk4_Facebook.app */;
			productType = "com.apple.product-type.application";
		};
		3BD29E6E1A11B73D00F44EA2 /* Wk4_FacebookTests */ = {
			isa = PBXNativeTarget;
			buildConfigurationList = 3BD29E7C1A11B73D00F44EA2 /* Build configuration list for PBXNativeTarget "Wk4_FacebookTests" */;
			buildPhases = (
				3BD29E6B1A11B73D00F44EA2 /* Sources */,
				3BD29E6C1A11B73D00F44EA2 /* Frameworks */,
				3BD29E6D1A11B73D00F44EA2 /* Resources */,
			);
			buildRules = (
			);
			dependencies = (
				3BD29E711A11B73D00F44EA2 /* PBXTargetDependency */,
			);
			name = Wk4_FacebookTests;
			productName = Wk4_FacebookTests;
			productReference = 3BD29E6F1A11B73D00F44EA2 /* Wk4_FacebookTests.xctest */;
			productType = "com.apple.product-type.bundle.unit-test";
		};
/* End PBXNativeTarget section */

/* Begin PBXProject section */
		3BD29E521A11B73D00F44EA2 /* Project object */ = {
			isa = PBXProject;
			attributes = {
				LastUpgradeCheck = 0610;
				ORGANIZATIONNAME = "Jaime Rovira";
				TargetAttributes = {
					3BD29E591A11B73D00F44EA2 = {
						CreatedOnToolsVersion = 6.1;
					};
					3BD29E6E1A11B73D00F44EA2 = {
						CreatedOnToolsVersion = 6.1;
						TestTargetID = 3BD29E591A11B73D00F44EA2;
					};
				};
			};
			buildConfigurationList = 3BD29E551A11B73D00F44EA2 /* Build configuration list for PBXProject "Wk4_Facebook" */;
			compatibilityVersion = "Xcode 3.2";
			developmentRegion = English;
			hasScannedForEncodings = 0;
			knownRegions = (
				en,
				Base,
			);
			mainGroup = 3BD29E511A11B73D00F44EA2;
			productRefGroup = 3BD29E5B1A11B73D00F44EA2 /* Products */;
			projectDirPath = "";
			projectRoot = "";
			targets = (
				3BD29E591A11B73D00F44EA2 /* Wk4_Facebook */,
				3BD29E6E1A11B73D00F44EA2 /* Wk4_FacebookTests */,
			);
		};
/* End PBXProject section */

/* Begin PBXResourcesBuildPhase section */
		3BD29E581A11B73D00F44EA2 /* Resources */ = {
			isa = PBXResourcesBuildPhase;
			buildActionMask = 2147483647;
			files = (
				3BD29E651A11B73D00F44EA2 /* Main.storyboard in Resources */,
				3BD29E6A1A11B73D00F44EA2 /* LaunchScreen.xib in Resources */,
				3BD29E671A11B73D00F44EA2 /* Images.xcassets in Resources */,
			);
			runOnlyForDeploymentPostprocessing = 0;
		};
		3BD29E6D1A11B73D00F44EA2 /* Resources */ = {
			isa = PBXResourcesBuildPhase;
			buildActionMask = 2147483647;
			files = (
			);
			runOnlyForDeploymentPostprocessing = 0;
		};
/* End PBXResourcesBuildPhase section */

/* Begin PBXSourcesBuildPhase section */
		3BD29E561A11B73D00F44EA2 /* Sources */ = {
			isa = PBXSourcesBuildPhase;
			buildActionMask = 2147483647;
			files = (
				3BD29E881A11C53500F44EA2 /* MoreViewController.swift in Sources */,
				3BD29E841A11C4C100F44EA2 /* MessagesViewController.swift in Sources */,
				3BD29E621A11B73D00F44EA2 /* ViewController.swift in Sources */,
				3BD29E801A11C3A600F44EA2 /* FeedViewController.swift in Sources */,
				3BD29E861A11C51100F44EA2 /* NotificationsViewController.swift in Sources */,
				3BD29E8A1A11CDAE00F44EA2 /* PhotoViewController.swift in Sources */,
				3BD29E821A11C49900F44EA2 /* RequestsViewController.swift in Sources */,
				3BD29E601A11B73D00F44EA2 /* AppDelegate.swift in Sources */,
			);
			runOnlyForDeploymentPostprocessing = 0;
		};
		3BD29E6B1A11B73D00F44EA2 /* Sources */ = {
			isa = PBXSourcesBuildPhase;
			buildActionMask = 2147483647;
			files = (
				3BD29E761A11B73D00F44EA2 /* Wk4_FacebookTests.swift in Sources */,
			);
			runOnlyForDeploymentPostprocessing = 0;
		};
/* End PBXSourcesBuildPhase section */

/* Begin PBXTargetDependency section */
		3BD29E711A11B73D00F44EA2 /* PBXTargetDependency */ = {
			isa = PBXTargetDependency;
			target = 3BD29E591A11B73D00F44EA2 /* Wk4_Facebook */;
			targetProxy = 3BD29E701A11B73D00F44EA2 /* PBXContainerItemProxy */;
		};
/* End PBXTargetDependency section */

/* Begin PBXVariantGroup section */
		3BD29E631A11B73D00F44EA2 /* Main.storyboard */ = {
			isa = PBXVariantGroup;
			children = (
				3BD29E641A11B73D00F44EA2 /* Base */,
			);
			name = Main.storyboard;
			sourceTree = "<group>";
		};
		3BD29E681A11B73D00F44EA2 /* LaunchScreen.xib */ = {
			isa = PBXVariantGroup;
			children = (
				3BD29E691A11B73D00F44EA2 /* Base */,
			);
			name = LaunchScreen.xib;
			sourceTree = "<group>";
		};
/* End PBXVariantGroup section */

/* Begin XCBuildConfiguration section */
		3BD29E771A11B73D00F44EA2 /* Debug */ = {
			isa = XCBuildConfiguration;
			buildSettings = {
				ALWAYS_SEARCH_USER_PATHS = NO;
				CLANG_CXX_LANGUAGE_STANDARD = "gnu++0x";
				CLANG_CXX_LIBRARY = "libc++";
				CLANG_ENABLE_MODULES = YES;
				CLANG_ENABLE_OBJC_ARC = YES;
				CLANG_WARN_BOOL_CONVERSION = YES;
				CLANG_WARN_CONSTANT_CONVERSION = YES;
				CLANG_WARN_DIRECT_OBJC_ISA_USAGE = YES_ERROR;
				CLANG_WARN_EMPTY_BODY = YES;
				CLANG_WARN_ENUM_CONVERSION = YES;
				CLANG_WARN_INT_CONVERSION = YES;
				CLANG_WARN_OBJC_ROOT_CLASS = YES_ERROR;
				CLANG_WARN_UNREACHABLE_CODE = YES;
				CLANG_WARN__DUPLICATE_METHOD_MATCH = YES;
				"CODE_SIGN_IDENTITY[sdk=iphoneos*]" = "iPhone Developer";
				COPY_PHASE_STRIP = NO;
				ENABLE_STRICT_OBJC_MSGSEND = YES;
				GCC_C_LANGUAGE_STANDARD = gnu99;
				GCC_DYNAMIC_NO_PIC = NO;
				GCC_OPTIMIZATION_LEVEL = 0;
				GCC_PREPROCESSOR_DEFINITIONS = (
					"DEBUG=1",
					"$(inherited)",
				);
				GCC_SYMBOLS_PRIVATE_EXTERN = NO;
				GCC_WARN_64_TO_32_BIT_CONVERSION = YES;
				GCC_WARN_ABOUT_RETURN_TYPE = YES_ERROR;
				GCC_WARN_UNDECLARED_SELECTOR = YES;
				GCC_WARN_UNINITIALIZED_AUTOS = YES_AGGRESSIVE;
				GCC_WARN_UNUSED_FUNCTION = YES;
				GCC_WARN_UNUSED_VARIABLE = YES;
				IPHONEOS_DEPLOYMENT_TARGET = 8.1;
				MTL_ENABLE_DEBUG_INFO = YES;
				ONLY_ACTIVE_ARCH = YES;
				SDKROOT = iphoneos;
				SWIFT_OPTIMIZATION_LEVEL = "-Onone";
			};
			name = Debug;
		};
		3BD29E781A11B73D00F44EA2 /* Release */ = {
			isa = XCBuildConfiguration;
			buildSettings = {
				ALWAYS_SEARCH_USER_PATHS = NO;
				CLANG_CXX_LANGUAGE_STANDARD = "gnu++0x";
				CLANG_CXX_LIBRARY = "libc++";
				CLANG_ENABLE_MODULES = YES;
				CLANG_ENABLE_OBJC_ARC = YES;
				CLANG_WARN_BOOL_CONVERSION = YES;
				CLANG_WARN_CONSTANT_CONVERSION = YES;
				CLANG_WARN_DIRECT_OBJC_ISA_USAGE = YES_ERROR;
				CLANG_WARN_EMPTY_BODY = YES;
				CLANG_WARN_ENUM_CONVERSION = YES;
				CLANG_WARN_INT_CONVERSION = YES;
				CLANG_WARN_OBJC_ROOT_CLASS = YES_ERROR;
				CLANG_WARN_UNREACHABLE_CODE = YES;
				CLANG_WARN__DUPLICATE_METHOD_MATCH = YES;
				"CODE_SIGN_IDENTITY[sdk=iphoneos*]" = "iPhone Developer";
				COPY_PHASE_STRIP = YES;
				ENABLE_NS_ASSERTIONS = NO;
				ENABLE_STRICT_OBJC_MSGSEND = YES;
				GCC_C_LANGUAGE_STANDARD = gnu99;
				GCC_WARN_64_TO_32_BIT_CONVERSION = YES;
				GCC_WARN_ABOUT_RETURN_TYPE = YES_ERROR;
				GCC_WARN_UNDECLARED_SELECTOR = YES;
				GCC_WARN_UNINITIALIZED_AUTOS = YES_AGGRESSIVE;
				GCC_WARN_UNUSED_FUNCTION = YES;
				GCC_WARN_UNUSED_VARIABLE = YES;
				IPHONEOS_DEPLOYMENT_TARGET = 8.1;
				MTL_ENABLE_DEBUG_INFO = NO;
				SDKROOT = iphoneos;
				VALIDATE_PRODUCT = YES;
			};
			name = Release;
		};
		3BD29E7A1A11B73D00F44EA2 /* Debug */ = {
			isa = XCBuildConfiguration;
			buildSettings = {
				ASSETCATALOG_COMPILER_APPICON_NAME = AppIcon;
				INFOPLIST_FILE = Wk4_Facebook/Info.plist;
				LD_RUNPATH_SEARCH_PATHS = "$(inherited) @executable_path/Frameworks";
				PRODUCT_NAME = "$(TARGET_NAME)";
			};
			name = Debug;
		};
		3BD29E7B1A11B73D00F44EA2 /* Release */ = {
			isa = XCBuildConfiguration;
			buildSettings = {
				ASSETCATALOG_COMPILER_APPICON_NAME = AppIcon;
				INFOPLIST_FILE = Wk4_Facebook/Info.plist;
				LD_RUNPATH_SEARCH_PATHS = "$(inherited) @executable_path/Frameworks";
				PRODUCT_NAME = "$(TARGET_NAME)";
			};
			name = Release;
		};
		3BD29E7D1A11B73D00F44EA2 /* Debug */ = {
			isa = XCBuildConfiguration;
			buildSettings = {
				BUNDLE_LOADER = "$(TEST_HOST)";
				FRAMEWORK_SEARCH_PATHS = (
					"$(SDKROOT)/Developer/Library/Frameworks",
					"$(inherited)",
				);
				GCC_PREPROCESSOR_DEFINITIONS = (
					"DEBUG=1",
					"$(inherited)",
				);
				INFOPLIST_FILE = Wk4_FacebookTests/Info.plist;
				LD_RUNPATH_SEARCH_PATHS = "$(inherited) @executable_path/Frameworks @loader_path/Frameworks";
				PRODUCT_NAME = "$(TARGET_NAME)";
				TEST_HOST = "$(BUILT_PRODUCTS_DIR)/Wk4_Facebook.app/Wk4_Facebook";
			};
			name = Debug;
		};
		3BD29E7E1A11B73D00F44EA2 /* Release */ = {
			isa = XCBuildConfiguration;
			buildSettings = {
				BUNDLE_LOADER = "$(TEST_HOST)";
				FRAMEWORK_SEARCH_PATHS = (
					"$(SDKROOT)/Developer/Library/Frameworks",
					"$(inherited)",
				);
				INFOPLIST_FILE = Wk4_FacebookTests/Info.plist;
				LD_RUNPATH_SEARCH_PATHS = "$(inherited) @executable_path/Frameworks @loader_path/Frameworks";
				PRODUCT_NAME = "$(TARGET_NAME)";
				TEST_HOST = "$(BUILT_PRODUCTS_DIR)/Wk4_Facebook.app/Wk4_Facebook";
			};
			name = Release;
		};
/* End XCBuildConfiguration section */

/* Begin XCConfigurationList section */
		3BD29E551A11B73D00F44EA2 /* Build configuration list for PBXProject "Wk4_Facebook" */ = {
			isa = XCConfigurationList;
			buildConfigurations = (
				3BD29E771A11B73D00F44EA2 /* Debug */,
				3BD29E781A11B73D00F44EA2 /* Release */,
			);
			defaultConfigurationIsVisible = 0;
			defaultConfigurationName = Release;
		};
		3BD29E791A11B73D00F44EA2 /* Build configuration list for PBXNativeTarget "Wk4_Facebook" */ = {
			isa = XCConfigurationList;
			buildConfigurations = (
				3BD29E7A1A11B73D00F44EA2 /* Debug */,
				3BD29E7B1A11B73D00F44EA2 /* Release */,
			);
			defaultConfigurationIsVisible = 0;
		};
		3BD29E7C1A11B73D00F44EA2 /* Build configuration list for PBXNativeTarget "Wk4_FacebookTests" */ = {
			isa = XCConfigurationList;
			buildConfigurations = (
				3BD29E7D1A11B73D00F44EA2 /* Debug */,
				3BD29E7E1A11B73D00F44EA2 /* Release */,
			);
			defaultConfigurationIsVisible = 0;
		};
/* End XCConfigurationList section */
	};
	rootObject = 3BD29E521A11B73D00F44EA2 /* Project object */;
}
